
Microsoft Visual Studio Solution File, Format Version 12.00
# Visual Studio Version 17
VisualStudioVersion = 17.14.36705.20
MinimumVisualStudioVersion = 10.0.40219.1
Project("{FAE04EC0-301F-11D3-BF4B-00C04F79EFBC}") = "WorkoutService", "WorkoutService\WorkoutService.csproj", "{36B060B5-D7E3-42A5-8B58-A5B26CBEC8C0}"
EndProject
Project("{FAE04EC0-301F-11D3-BF4B-00C04F79EFBC}") = "FitnessCalculationService", "FitnessCalculationService\FitnessCalculationService.csproj", "{240920F5-6E7F-4400-A0AE-F6F60366F3B9}"
EndProject
Project("{FAE04EC0-301F-11D3-BF4B-00C04F79EFBC}") = "AuthenticationService", "AuthenticationService\AuthenticationService.csproj", "{E26C94DD-DC6C-42DC-AE87-97A8087A1661}"
EndProject
Project("{FAE04EC0-301F-11D3-BF4B-00C04F79EFBC}") = "NutritionService", "NutritionService\NutritionService.csproj", "{C4D73587-8239-48E3-A4F0-6648EDC7C6CA}"
EndProject
Project("{FAE04EC0-301F-11D3-BF4B-00C04F79EFBC}") = "ProgressTrackingService", "ProgressTrackingService\ProgressTrackingService.csproj", "{82989084-3905-4F81-B5CA-35713E34B1D9}"
EndProject
Project("{FAE04EC0-301F-11D3-BF4B-00C04F79EFBC}") = "SmartCoachService", "SmartCoachService\SmartCoachService.csproj", "{EE5EE9A5-BFF7-4507-B993-86517A5A2E8E}"
EndProject
Project("{FAE04EC0-301F-11D3-BF4B-00C04F79EFBC}") = "FitnessAPIGateway", "FitnessAPIGateway\FitnessAPIGateway.csproj", "{F05E85FF-A822-48D3-9A07-A12988BB99F6}"
EndProject
Project("{E53339B2-1760-4266-BCC7-CA923CBCF16C}") = "docker-compose", "docker-compose.dcproj", "{81DDED9D-158B-E303-5F62-77A2896D2A5A}"
EndProject
Project("{FAE04EC0-301F-11D3-BF4B-00C04F79EFBC}") = "WorkoutService.Benchmark", "WorkoutService.Benchmark\WorkoutService.Benchmark.csproj", "{D7C2E3FE-2DBD-48B7-88E8-DC7BA890E77D}"
EndProject
Project("{FAE04EC0-301F-11D3-BF4B-00C04F79EFBC}") = "WorkoutService.Tests", "WorkoutService.Tests\WorkoutService.Tests.csproj", "{90BA18E9-D3E1-49A2-8D03-5AF114DA004A}"
EndProject
Project("{FAE04EC0-301F-11D3-BF4B-00C04F79EFBC}") = "FitnessCalculationService.Tests", "FitnessCalculationService.Tests\FitnessCalculationService.Tests.csproj", "{4BEB3C14-073F-443D-A6F2-11B1A9D70C70}"
EndProject
Project("{FAE04EC0-301F-11D3-BF4B-00C04F79EFBC}") = "AuthenticationService.Tests", "AuthenticationService.Tests\AuthenticationService.Tests.csproj", "{0678D015-1C6B-4FE5-BFBB-FACEEBDB9970}"
EndProject
Project("{FAE04EC0-301F-11D3-BF4B-00C04F79EFBC}") = "NutritionService.Tests", "NutritionService.Tests\NutritionService.Tests.csproj", "{1C679784-0227-417C-BA4F-BF5EAC02A304}"
EndProject
Project("{FAE04EC0-301F-11D3-BF4B-00C04F79EFBC}") = "ProgressTrackingService.Tests", "ProgressTrackingService.Tests\ProgressTrackingService.Tests.csproj", "{6CD1ADF4-C951-43F1-9201-A70F28BAFD20}"
EndProject
Project("{FAE04EC0-301F-11D3-BF4B-00C04F79EFBC}") = "SmartCoachService.Tests", "SmartCoachService.Tests\SmartCoachService.Tests.csproj", "{0117847A-BBE7-49FD-AC81-5564D2440536}"
EndProject
Project("{FAE04EC0-301F-11D3-BF4B-00C04F79EFBC}") = "FitnessAPIGateway.Tests", "FitnessAPIGateway.Tests\FitnessAPIGateway.Tests.csproj", "{692E22EE-B0CB-4D7C-82B8-3DD2DC64DD0F}"
EndProject
Global
	GlobalSection(SolutionConfigurationPlatforms) = preSolution
		Debug|Any CPU = Debug|Any CPU
		Debug|x64 = Debug|x64
		Debug|x86 = Debug|x86
		Release|Any CPU = Release|Any CPU
		Release|x64 = Release|x64
		Release|x86 = Release|x86
	EndGlobalSection
	GlobalSection(ProjectConfigurationPlatforms) = postSolution
		{36B060B5-D7E3-42A5-8B58-A5B26CBEC8C0}.Debug|Any CPU.ActiveCfg = Debug|Any CPU
		{36B060B5-D7E3-42A5-8B58-A5B26CBEC8C0}.Debug|Any CPU.Build.0 = Debug|Any CPU
		{36B060B5-D7E3-42A5-8B58-A5B26CBEC8C0}.Debug|x64.ActiveCfg = Debug|Any CPU
		{36B060B5-D7E3-42A5-8B58-A5B26CBEC8C0}.Debug|x64.Build.0 = Debug|Any CPU
		{36B060B5-D7E3-42A5-8B58-A5B26CBEC8C0}.Debug|x86.ActiveCfg = Debug|Any CPU
		{36B060B5-D7E3-42A5-8B58-A5B26CBEC8C0}.Debug|x86.Build.0 = Debug|Any CPU
		{36B060B5-D7E3-42A5-8B58-A5B26CBEC8C0}.Release|Any CPU.ActiveCfg = Release|Any CPU
		{36B060B5-D7E3-42A5-8B58-A5B26CBEC8C0}.Release|Any CPU.Build.0 = Release|Any CPU
		{36B060B5-D7E3-42A5-8B58-A5B26CBEC8C0}.Release|x64.ActiveCfg = Release|Any CPU
		{36B060B5-D7E3-42A5-8B58-A5B26CBEC8C0}.Release|x64.Build.0 = Release|Any CPU
		{36B060B5-D7E3-42A5-8B58-A5B26CBEC8C0}.Release|x86.ActiveCfg = Release|Any CPU
		{36B060B5-D7E3-42A5-8B58-A5B26CBEC8C0}.Release|x86.Build.0 = Release|Any CPU
		{240920F5-6E7F-4400-A0AE-F6F60366F3B9}.Debug|Any CPU.ActiveCfg = Debug|Any CPU
		{240920F5-6E7F-4400-A0AE-F6F60366F3B9}.Debug|Any CPU.Build.0 = Debug|Any CPU
		{240920F5-6E7F-4400-A0AE-F6F60366F3B9}.Debug|x64.ActiveCfg = Debug|Any CPU
		{240920F5-6E7F-4400-A0AE-F6F60366F3B9}.Debug|x64.Build.0 = Debug|Any CPU
		{240920F5-6E7F-4400-A0AE-F6F60366F3B9}.Debug|x86.ActiveCfg = Debug|Any CPU
		{240920F5-6E7F-4400-A0AE-F6F60366F3B9}.Debug|x86.Build.0 = Debug|Any CPU
		{240920F5-6E7F-4400-A0AE-F6F60366F3B9}.Release|Any CPU.ActiveCfg = Release|Any CPU
		{240920F5-6E7F-4400-A0AE-F6F60366F3B9}.Release|Any CPU.Build.0 = Release|Any CPU
		{240920F5-6E7F-4400-A0AE-F6F60366F3B9}.Release|x64.ActiveCfg = Release|Any CPU
		{240920F5-6E7F-4400-A0AE-F6F60366F3B9}.Release|x64.Build.0 = Release|Any CPU
		{240920F5-6E7F-4400-A0AE-F6F60366F3B9}.Release|x86.ActiveCfg = Release|Any CPU
		{240920F5-6E7F-4400-A0AE-F6F60366F3B9}.Release|x86.Build.0 = Release|Any CPU
		{E26C94DD-DC6C-42DC-AE87-97A8087A1661}.Debug|Any CPU.ActiveCfg = Debug|Any CPU
		{E26C94DD-DC6C-42DC-AE87-97A8087A1661}.Debug|Any CPU.Build.0 = Debug|Any CPU
		{E26C94DD-DC6C-42DC-AE87-97A8087A1661}.Debug|x64.ActiveCfg = Debug|Any CPU
		{E26C94DD-DC6C-42DC-AE87-97A8087A1661}.Debug|x64.Build.0 = Debug|Any CPU
		{E26C94DD-DC6C-42DC-AE87-97A8087A1661}.Debug|x86.ActiveCfg = Debug|Any CPU
		{E26C94DD-DC6C-42DC-AE87-97A8087A1661}.Debug|x86.Build.0 = Debug|Any CPU
		{E26C94DD-DC6C-42DC-AE87-97A8087A1661}.Release|Any CPU.ActiveCfg = Release|Any CPU
		{E26C94DD-DC6C-42DC-AE87-97A8087A1661}.Release|Any CPU.Build.0 = Release|Any CPU
		{E26C94DD-DC6C-42DC-AE87-97A8087A1661}.Release|x64.ActiveCfg = Release|Any CPU
		{E26C94DD-DC6C-42DC-AE87-97A8087A1661}.Release|x64.Build.0 = Release|Any CPU
		{E26C94DD-DC6C-42DC-AE87-97A8087A1661}.Release|x86.ActiveCfg = Release|Any CPU
		{E26C94DD-DC6C-42DC-AE87-97A8087A1661}.Release|x86.Build.0 = Release|Any CPU
		{C4D73587-8239-48E3-A4F0-6648EDC7C6CA}.Debug|Any CPU.ActiveCfg = Debug|Any CPU
		{C4D73587-8239-48E3-A4F0-6648EDC7C6CA}.Debug|Any CPU.Build.0 = Debug|Any CPU
		{C4D73587-8239-48E3-A4F0-6648EDC7C6CA}.Debug|x64.ActiveCfg = Debug|Any CPU
		{C4D73587-8239-48E3-A4F0-6648EDC7C6CA}.Debug|x64.Build.0 = Debug|Any CPU
		{C4D73587-8239-48E3-A4F0-6648EDC7C6CA}.Debug|x86.ActiveCfg = Debug|Any CPU
		{C4D73587-8239-48E3-A4F0-6648EDC7C6CA}.Debug|x86.Build.0 = Debug|Any CPU
		{C4D73587-8239-48E3-A4F0-6648EDC7C6CA}.Release|Any CPU.ActiveCfg = Release|Any CPU
		{C4D73587-8239-48E3-A4F0-6648EDC7C6CA}.Release|Any CPU.Build.0 = Release|Any CPU
		{C4D73587-8239-48E3-A4F0-6648EDC7C6CA}.Release|x64.ActiveCfg = Release|Any CPU
		{C4D73587-8239-48E3-A4F0-6648EDC7C6CA}.Release|x64.Build.0 = Release|Any CPU
		{C4D73587-8239-48E3-A4F0-6648EDC7C6CA}.Release|x86.ActiveCfg = Release|Any CPU
		{C4D73587-8239-48E3-A4F0-6648EDC7C6CA}.Release|x86.Build.0 = Release|Any CPU
		{82989084-3905-4F81-B5CA-35713E34B1D9}.Debug|Any CPU.ActiveCfg = Debug|Any CPU
		{82989084-3905-4F81-B5CA-35713E34B1D9}.Debug|Any CPU.Build.0 = Debug|Any CPU
		{82989084-3905-4F81-B5CA-35713E34B1D9}.Debug|x64.ActiveCfg = Debug|Any CPU
		{82989084-3905-4F81-B5CA-35713E34B1D9}.Debug|x64.Build.0 = Debug|Any CPU
		{82989084-3905-4F81-B5CA-35713E34B1D9}.Debug|x86.ActiveCfg = Debug|Any CPU
		{82989084-3905-4F81-B5CA-35713E34B1D9}.Debug|x86.Build.0 = Debug|Any CPU
		{82989084-3905-4F81-B5CA-35713E34B1D9}.Release|Any CPU.ActiveCfg = Release|Any CPU
		{82989084-3905-4F81-B5CA-35713E34B1D9}.Release|Any CPU.Build.0 = Release|Any CPU
		{82989084-3905-4F81-B5CA-35713E34B1D9}.Release|x64.ActiveCfg = Release|Any CPU
		{82989084-3905-4F81-B5CA-35713E34B1D9}.Release|x64.Build.0 = Release|Any CPU
		{82989084-3905-4F81-B5CA-35713E34B1D9}.Release|x86.ActiveCfg = Release|Any CPU
		{82989084-3905-4F81-B5CA-35713E34B1D9}.Release|x86.Build.0 = Release|Any CPU
		{EE5EE9A5-BFF7-4507-B993-86517A5A2E8E}.Debug|Any CPU.ActiveCfg = Debug|Any CPU
		{EE5EE9A5-BFF7-4507-B993-86517A5A2E8E}.Debug|Any CPU.Build.0 = Debug|Any CPU
		{EE5EE9A5-BFF7-4507-B993-86517A5A2E8E}.Debug|x64.ActiveCfg = Debug|Any CPU
		{EE5EE9A5-BFF7-4507-B993-86517A5A2E8E}.Debug|x64.Build.0 = Debug|Any CPU
		{EE5EE9A5-BFF7-4507-B993-86517A5A2E8E}.Debug|x86.ActiveCfg = Debug|Any CPU
		{EE5EE9A5-BFF7-4507-B993-86517A5A2E8E}.Debug|x86.Build.0 = Debug|Any CPU
		{EE5EE9A5-BFF7-4507-B993-86517A5A2E8E}.Release|Any CPU.ActiveCfg = Release|Any CPU
		{EE5EE9A5-BFF7-4507-B993-86517A5A2E8E}.Release|Any CPU.Build.0 = Release|Any CPU
		{EE5EE9A5-BFF7-4507-B993-86517A5A2E8E}.Release|x64.ActiveCfg = Release|Any CPU
		{EE5EE9A5-BFF7-4507-B993-86517A5A2E8E}.Release|x64.Build.0 = Release|Any CPU
		{EE5EE9A5-BFF7-4507-B993-86517A5A2E8E}.Release|x86.ActiveCfg = Release|Any CPU
		{EE5EE9A5-BFF7-4507-B993-86517A5A2E8E}.Release|x86.Build.0 = Release|Any CPU
		{F05E85FF-A822-48D3-9A07-A12988BB99F6}.Debug|Any CPU.ActiveCfg = Debug|Any CPU
		{F05E85FF-A822-48D3-9A07-A12988BB99F6}.Debug|Any CPU.Build.0 = Debug|Any CPU
		{F05E85FF-A822-48D3-9A07-A12988BB99F6}.Debug|x64.ActiveCfg = Debug|Any CPU
		{F05E85FF-A822-48D3-9A07-A12988BB99F6}.Debug|x64.Build.0 = Debug|Any CPU
		{F05E85FF-A822-48D3-9A07-A12988BB99F6}.Debug|x86.ActiveCfg = Debug|Any CPU
		{F05E85FF-A822-48D3-9A07-A12988BB99F6}.Debug|x86.Build.0 = Debug|Any CPU
		{F05E85FF-A822-48D3-9A07-A12988BB99F6}.Release|Any CPU.ActiveCfg = Release|Any CPU
		{F05E85FF-A822-48D3-9A07-A12988BB99F6}.Release|Any CPU.Build.0 = Release|Any CPU
		{F05E85FF-A822-48D3-9A07-A12988BB99F6}.Release|x64.ActiveCfg = Release|Any CPU
		{F05E85FF-A822-48D3-9A07-A12988BB99F6}.Release|x64.Build.0 = Release|Any CPU
		{F05E85FF-A822-48D3-9A07-A12988BB99F6}.Release|x86.ActiveCfg = Release|Any CPU
		{F05E85FF-A822-48D3-9A07-A12988BB99F6}.Release|x86.Build.0 = Release|Any CPU
		{81DDED9D-158B-E303-5F62-77A2896D2A5A}.Debug|Any CPU.ActiveCfg = Debug|Any CPU
		{81DDED9D-158B-E303-5F62-77A2896D2A5A}.Debug|Any CPU.Build.0 = Debug|Any CPU
		{81DDED9D-158B-E303-5F62-77A2896D2A5A}.Debug|x64.ActiveCfg = Debug|x64
		{81DDED9D-158B-E303-5F62-77A2896D2A5A}.Debug|x86.ActiveCfg = Debug|x86
		{81DDED9D-158B-E303-5F62-77A2896D2A5A}.Release|Any CPU.ActiveCfg = Release|Any CPU
		{81DDED9D-158B-E303-5F62-77A2896D2A5A}.Release|Any CPU.Build.0 = Release|Any CPU
		{81DDED9D-158B-E303-5F62-77A2896D2A5A}.Release|x64.ActiveCfg = Release|x64
		{81DDED9D-158B-E303-5F62-77A2896D2A5A}.Release|x86.ActiveCfg = Release|x86
		{D7C2E3FE-2DBD-48B7-88E8-DC7BA890E77D}.Debug|Any CPU.ActiveCfg = Debug|Any CPU
		{D7C2E3FE-2DBD-48B7-88E8-DC7BA890E77D}.Debug|Any CPU.Build.0 = Debug|Any CPU
		{D7C2E3FE-2DBD-48B7-88E8-DC7BA890E77D}.Debug|x64.ActiveCfg = Debug|Any CPU
		{D7C2E3FE-2DBD-48B7-88E8-DC7BA890E77D}.Debug|x64.Build.0 = Debug|Any CPU
		{D7C2E3FE-2DBD-48B7-88E8-DC7BA890E77D}.Debug|x86.ActiveCfg = Debug|Any CPU
		{D7C2E3FE-2DBD-48B7-88E8-DC7BA890E77D}.Debug|x86.Build.0 = Debug|Any CPU
		{D7C2E3FE-2DBD-48B7-88E8-DC7BA890E77D}.Release|Any CPU.ActiveCfg = Release|Any CPU
		{D7C2E3FE-2DBD-48B7-88E8-DC7BA890E77D}.Release|Any CPU.Build.0 = Release|Any CPU
		{D7C2E3FE-2DBD-48B7-88E8-DC7BA890E77D}.Release|x64.ActiveCfg = Release|Any CPU
		{D7C2E3FE-2DBD-48B7-88E8-DC7BA890E77D}.Release|x64.Build.0 = Release|Any CPU
		{D7C2E3FE-2DBD-48B7-88E8-DC7BA890E77D}.Release|x86.ActiveCfg = Release|Any CPU
		{D7C2E3FE-2DBD-48B7-88E8-DC7BA890E77D}.Release|x86.Build.0 = Release|Any CPU
		{90BA18E9-D3E1-49A2-8D03-5AF114DA004A}.Debug|Any CPU.ActiveCfg = Debug|Any CPU
		{90BA18E9-D3E1-49A2-8D03-5AF114DA004A}.Debug|Any CPU.Build.0 = Debug|Any CPU
		{90BA18E9-D3E1-49A2-8D03-5AF114DA004A}.Debug|x64.ActiveCfg = Debug|Any CPU
		{90BA18E9-D3E1-49A2-8D03-5AF114DA004A}.Debug|x64.Build.0 = Debug|Any CPU
		{90BA18E9-D3E1-49A2-8D03-5AF114DA004A}.Debug|x86.ActiveCfg = Debug|Any CPU
		{90BA18E9-D3E1-49A2-8D03-5AF114DA004A}.Debug|x86.Build.0 = Debug|Any CPU
		{90BA18E9-D3E1-49A2-8D03-5AF114DA004A}.Release|Any CPU.ActiveCfg = Release|Any CPU
		{90BA18E9-D3E1-49A2-8D03-5AF114DA004A}.Release|Any CPU.Build.0 = Release|Any CPU
		{90BA18E9-D3E1-49A2-8D03-5AF114DA004A}.Release|x64.ActiveCfg = Release|Any CPU
		{90BA18E9-D3E1-49A2-8D03-5AF114DA004A}.Release|x64.Build.0 = Release|Any CPU
		{90BA18E9-D3E1-49A2-8D03-5AF114DA004A}.Release|x86.ActiveCfg = Release|Any CPU
		{90BA18E9-D3E1-49A2-8D03-5AF114DA004A}.Release|x86.Build.0 = Release|Any CPU
		{4BEB3C14-073F-443D-A6F2-11B1A9D70C70}.Debug|Any CPU.ActiveCfg = Debug|Any CPU
		{4BEB3C14-073F-443D-A6F2-11B1A9D70C70}.Debug|Any CPU.Build.0 = Debug|Any CPU
		{4BEB3C14-073F-443D-A6F2-11B1A9D70C70}.Debug|x64.ActiveCfg = Debug|Any CPU
		{4BEB3C14-073F-443D-A6F2-11B1A9D70C70}.Debug|x64.Build.0 = Debug|Any CPU
		{4BEB3C14-073F-443D-A6F2-11B1A9D70C70}.Debug|x86.ActiveCfg = Debug|Any CPU
		{4BEB3C14-073F-443D-A6F2-11B1A9D70C70}.Debug|x86.Build.0 = Debug|Any CPU
		{4BEB3C14-073F-443D-A6F2-11B1A9D70C70}.Release|Any CPU.ActiveCfg = Release|Any CPU
		{4BEB3C14-073F-443D-A6F2-11B1A9D70C70}.Release|Any CPU.Build.0 = Release|Any CPU
		{4BEB3C14-073F-443D-A6F2-11B1A9D70C70}.Release|x64.ActiveCfg = Release|Any CPU
		{4BEB3C14-073F-443D-A6F2-11B1A9D70C70}.Release|x64.Build.0 = Release|Any CPU
		{4BEB3C14-073F-443D-A6F2-11B1A9D70C70}.Release|x86.ActiveCfg = Release|Any CPU
		{4BEB3C14-073F-443D-A6F2-11B1A9D70C70}.Release|x86.Build.0 = Release|Any CPU
		{0678D015-1C6B-4FE5-BFBB-FACEEBDB9970}.Debug|Any CPU.ActiveCfg = Debug|Any CPU
		{0678D015-1C6B-4FE5-BFBB-FACEEBDB9970}.Debug|Any CPU.Build.0 = Debug|Any CPU
		{0678D015-1C6B-4FE5-BFBB-FACEEBDB9970}.Debug|x64.ActiveCfg = Debug|Any CPU
		{0678D015-1C6B-4FE5-BFBB-FACEEBDB9970}.Debug|x64.Build.0 = Debug|Any CPU
		{0678D015-1C6B-4FE5-BFBB-FACEEBDB9970}.Debug|x86.ActiveCfg = Debug|Any CPU
		{0678D015-1C6B-4FE5-BFBB-FACEEBDB9970}.Debug|x86.Build.0 = Debug|Any CPU
		{0678D015-1C6B-4FE5-BFBB-FACEEBDB9970}.Release|Any CPU.ActiveCfg = Release|Any CPU
		{0678D015-1C6B-4FE5-BFBB-FACEEBDB9970}.Release|Any CPU.Build.0 = Release|Any CPU
		{0678D015-1C6B-4FE5-BFBB-FACEEBDB9970}.Release|x64.ActiveCfg = Release|Any CPU
		{0678D015-1C6B-4FE5-BFBB-FACEEBDB9970}.Release|x64.Build.0 = Release|Any CPU
		{0678D015-1C6B-4FE5-BFBB-FACEEBDB9970}.Release|x86.ActiveCfg = Release|Any CPU
		{0678D015-1C6B-4FE5-BFBB-FACEEBDB9970}.Release|x86.Build.0 = Release|Any CPU
		{1C679784-0227-417C-BA4F-BF5EAC02A304}.Debug|Any CPU.ActiveCfg = Debug|Any CPU
		{1C679784-0227-417C-BA4F-BF5EAC02A304}.Debug|Any CPU.Build.0 = Debug|Any CPU
		{1C679784-0227-417C-BA4F-BF5EAC02A304}.Debug|x64.ActiveCfg = Debug|Any CPU
		{1C679784-0227-417C-BA4F-BF5EAC02A304}.Debug|x64.Build.0 = Debug|Any CPU
		{1C679784-0227-417C-BA4F-BF5EAC02A304}.Debug|x86.ActiveCfg = Debug|Any CPU
		{1C679784-0227-417C-BA4F-BF5EAC02A304}.Debug|x86.Build.0 = Debug|Any CPU
		{1C679784-0227-417C-BA4F-BF5EAC02A304}.Release|Any CPU.ActiveCfg = Release|Any CPU
		{1C679784-0227-417C-BA4F-BF5EAC02A304}.Release|Any CPU.Build.0 = Release|Any CPU
		{1C679784-0227-417C-BA4F-BF5EAC02A304}.Release|x64.ActiveCfg = Release|Any CPU
		{1C679784-0227-417C-BA4F-BF5EAC02A304}.Release|x64.Build.0 = Release|Any CPU
		{1C679784-0227-417C-BA4F-BF5EAC02A304}.Release|x86.ActiveCfg = Release|Any CPU
		{1C679784-0227-417C-BA4F-BF5EAC02A304}.Release|x86.Build.0 = Release|Any CPU
		{6CD1ADF4-C951-43F1-9201-A70F28BAFD20}.Debug|Any CPU.ActiveCfg = Debug|Any CPU
		{6CD1ADF4-C951-43F1-9201-A70F28BAFD20}.Debug|Any CPU.Build.0 = Debug|Any CPU
		{6CD1ADF4-C951-43F1-9201-A70F28BAFD20}.Debug|x64.ActiveCfg = Debug|Any CPU
		{6CD1ADF4-C951-43F1-9201-A70F28BAFD20}.Debug|x64.Build.0 = Debug|Any CPU
		{6CD1ADF4-C951-43F1-9201-A70F28BAFD20}.Debug|x86.ActiveCfg = Debug|Any CPU
		{6CD1ADF4-C951-43F1-9201-A70F28BAFD20}.Debug|x86.Build.0 = Debug|Any CPU
		{6CD1ADF4-C951-43F1-9201-A70F28BAFD20}.Release|Any CPU.ActiveCfg = Release|Any CPU
		{6CD1ADF4-C951-43F1-9201-A70F28BAFD20}.Release|Any CPU.Build.0 = Release|Any CPU
		{6CD1ADF4-C951-43F1-9201-A70F28BAFD20}.Release|x64.ActiveCfg = Release|Any CPU
		{6CD1ADF4-C951-43F1-9201-A70F28BAFD20}.Release|x64.Build.0 = Release|Any CPU
		{6CD1ADF4-C951-43F1-9201-A70F28BAFD20}.Release|x86.ActiveCfg = Release|Any CPU
		{6CD1ADF4-C951-43F1-9201-A70F28BAFD20}.Release|x86.Build.0 = Release|Any CPU
		{0117847A-BBE7-49FD-AC81-5564D2440536}.Debug|Any CPU.ActiveCfg = Debug|Any CPU
		{0117847A-BBE7-49FD-AC81-5564D2440536}.Debug|Any CPU.Build.0 = Debug|Any CPU
		{0117847A-BBE7-49FD-AC81-5564D2440536}.Debug|x64.ActiveCfg = Debug|Any CPU
		{0117847A-BBE7-49FD-AC81-5564D2440536}.Debug|x64.Build.0 = Debug|Any CPU
		{0117847A-BBE7-49FD-AC81-5564D2440536}.Debug|x86.ActiveCfg = Debug|Any CPU
		{0117847A-BBE7-49FD-AC81-5564D2440536}.Debug|x86.Build.0 = Debug|Any CPU
		{0117847A-BBE7-49FD-AC81-5564D2440536}.Release|Any CPU.ActiveCfg = Release|Any CPU
		{0117847A-BBE7-49FD-AC81-5564D2440536}.Release|Any CPU.Build.0 = Release|Any CPU
		{0117847A-BBE7-49FD-AC81-5564D2440536}.Release|x64.ActiveCfg = Release|Any CPU
		{0117847A-BBE7-49FD-AC81-5564D2440536}.Release|x64.Build.0 = Release|Any CPU
		{0117847A-BBE7-49FD-AC81-5564D2440536}.Release|x86.ActiveCfg = Release|Any CPU
		{0117847A-BBE7-49FD-AC81-5564D2440536}.Release|x86.Build.0 = Release|Any CPU
		{692E22EE-B0CB-4D7C-82B8-3DD2DC64DD0F}.Debug|Any CPU.ActiveCfg = Debug|Any CPU
		{692E22EE-B0CB-4D7C-82B8-3DD2DC64DD0F}.Debug|Any CPU.Build.0 = Debug|Any CPU
		{692E22EE-B0CB-4D7C-82B8-3DD2DC64DD0F}.Debug|x64.ActiveCfg = Debug|Any CPU
		{692E22EE-B0CB-4D7C-82B8-3DD2DC64DD0F}.Debug|x64.Build.0 = Debug|Any CPU
		{692E22EE-B0CB-4D7C-82B8-3DD2DC64DD0F}.Debug|x86.ActiveCfg = Debug|Any CPU
		{692E22EE-B0CB-4D7C-82B8-3DD2DC64DD0F}.Debug|x86.Build.0 = Debug|Any CPU
		{692E22EE-B0CB-4D7C-82B8-3DD2DC64DD0F}.Release|Any CPU.ActiveCfg = Release|Any CPU
		{692E22EE-B0CB-4D7C-82B8-3DD2DC64DD0F}.Release|Any CPU.Build.0 = Release|Any CPU
		{692E22EE-B0CB-4D7C-82B8-3DD2DC64DD0F}.Release|x64.ActiveCfg = Release|Any CPU
		{692E22EE-B0CB-4D7C-82B8-3DD2DC64DD0F}.Release|x64.Build.0 = Release|Any CPU
		{692E22EE-B0CB-4D7C-82B8-3DD2DC64DD0F}.Release|x86.ActiveCfg = Release|Any CPU
		{692E22EE-B0CB-4D7C-82B8-3DD2DC64DD0F}.Release|x86.Build.0 = Release|Any CPU
	EndGlobalSection
	GlobalSection(SolutionProperties) = preSolution
		HideSolutionNode = FALSE
	EndGlobalSection
	GlobalSection(ExtensibilityGlobals) = postSolution
		SolutionGuid = {AAAA1382-1DF9-43C6-84F8-8A7B386DBD57}
	EndGlobalSection
EndGlobal
